{
  "name": "rt-mir-osc",
  "version": "0.0.1",
  "lockfileVersion": 2,
  "requires": true,
  "packages": {
    "": {
      "name": "rt-mir-osc",
      "version": "0.0.1",
      "license": "SEE LICENSE IN LICENSE",
      "dependencies": {
        "essentia.js": "^0.1.3",
        "osc-js": "^2.3.0"
      }
    },
    "node_modules/essentia.js": {
      "version": "0.1.3",
      "resolved": "https://registry.npmjs.org/essentia.js/-/essentia.js-0.1.3.tgz",
      "integrity": "sha512-vVEPgeVMEBLRXbM5o5H5Rgu53EPHu25vyFKYg+flWLzI/nEoegJQez9FKRv8GR/KxIBwm+fXDEFL+MkQeoHaLw==",
      "dependencies": {
        "node-wav": "0.0.2"
      }
    },
    "node_modules/isomorphic-ws": {
      "version": "4.0.1",
      "resolved": "https://registry.npmjs.org/isomorphic-ws/-/isomorphic-ws-4.0.1.tgz",
      "integrity": "sha512-BhBvN2MBpWTaSHdWRb/bwdZJ1WaehQ2L1KngkCkfLUGF0mAWAT1sQUQacEmQ0jXkFw/czDXPNQSL5u2/Krsz1w==",
      "peerDependencies": {
        "ws": "*"
      }
    },
    "node_modules/node-wav": {
      "version": "0.0.2",
      "resolved": "https://registry.npmjs.org/node-wav/-/node-wav-0.0.2.tgz",
      "integrity": "sha1-ictjz4zWbsirRV9bpIZOX8tGBeg=",
      "engines": {
        "node": ">=4.4.0"
      }
    },
    "node_modules/osc-js": {
      "version": "2.3.0",
      "resolved": "https://registry.npmjs.org/osc-js/-/osc-js-2.3.0.tgz",
      "integrity": "sha512-P2Oy9tf8Z9lQw8JZeR62HNqbKdxj7Kqbsag+ImiJvyxPDReGMVt5LtZbMh/7Ve/wbYEGODkQdFAaLHFVkIlHPw==",
      "dependencies": {
        "isomorphic-ws": "4.0.1",
        "ws": "8.5.0"
      }
    },
    "node_modules/ws": {
      "version": "8.5.0",
      "resolved": "https://registry.npmjs.org/ws/-/ws-8.5.0.tgz",
      "integrity": "sha512-BWX0SWVgLPzYwF8lTzEy1egjhS4S4OEAHfsO8o65WOVsrnSRGaSiUaa9e0ggGlkMTtBlmOpEXiie9RUcBO86qg==",
      "engines": {
        "node": ">=10.0.0"
      },
      "peerDependencies": {
        "bufferutil": "^4.0.1",
        "utf-8-validate": "^5.0.2"
      },
      "peerDependenciesMeta": {
        "bufferutil": {
          "optional": true
        },
        "utf-8-validate": {
          "optional": true
        }
      }
    }
  },
  "dependencies": {
    "essentia.js": {
      "version": "0.1.3",
      "resolved": "https://registry.npmjs.org/essentia.js/-/essentia.js-0.1.3.tgz",
      "integrity": "sha512-vVEPgeVMEBLRXbM5o5H5Rgu53EPHu25vyFKYg+flWLzI/nEoegJQez9FKRv8GR/KxIBwm+fXDEFL+MkQeoHaLw==",
      "requires": {
        "node-wav": "0.0.2"
      }
    },
    "isomorphic-ws": {
      "version": "4.0.1",
      "resolved": "https://registry.npmjs.org/isomorphic-ws/-/isomorphic-ws-4.0.1.tgz",
      "integrity": "sha512-BhBvN2MBpWTaSHdWRb/bwdZJ1WaehQ2L1KngkCkfLUGF0mAWAT1sQUQacEmQ0jXkFw/czDXPNQSL5u2/Krsz1w==",
      "requires": {}
    },
    "node-wav": {
      "version": "0.0.2",
      "resolved": "https://registry.npmjs.org/node-wav/-/node-wav-0.0.2.tgz",
      "integrity": "sha1-ictjz4zWbsirRV9bpIZOX8tGBeg="
    },
    "osc-js": {
      "version": "2.3.0",
      "resolved": "https://registry.npmjs.org/osc-js/-/osc-js-2.3.0.tgz",
      "integrity": "sha512-P2Oy9tf8Z9lQw8JZeR62HNqbKdxj7Kqbsag+ImiJvyxPDReGMVt5LtZbMh/7Ve/wbYEGODkQdFAaLHFVkIlHPw==",
      "requires": {
        "isomorphic-ws": "4.0.1",
        "ws": "8.5.0"
      }
    },
    "ws": {
      "version": "8.5.0",
      "resolved": "https://registry.npmjs.org/ws/-/ws-8.5.0.tgz",
      "integrity": "sha512-BWX0SWVgLPzYwF8lTzEy1egjhS4S4OEAHfsO8o65WOVsrnSRGaSiUaa9e0ggGlkMTtBlmOpEXiie9RUcBO86qg==",
      "requires": {}
    }
  }
}
